
Microsoft Visual Studio Solution File, Format Version 12.00
# Visual Studio Version 17
VisualStudioVersion = 17.7.34202.233
MinimumVisualStudioVersion = 10.0.40219.1
Project("{FAE04EC0-301F-11D3-BF4B-00C04F79EFBC}") = "kmakai.QuizGameAPI.AngularClient", "kmakai.QuizGameAPI.AngularClient\kmakai.QuizGameAPI.AngularClient.csproj", "{811EF7DC-176D-48C1-9F04-D1FDAB15D821}"
EndProject
Global
	GlobalSection(SolutionConfigurationPlatforms) = preSolution
		Debug|Any CPU = Debug|Any CPU
		Release|Any CPU = Release|Any CPU
	EndGlobalSection
	GlobalSection(ProjectConfigurationPlatforms) = postSolution
		{811EF7DC-176D-48C1-9F04-D1FDAB15D821}.Debug|Any CPU.ActiveCfg = Debug|Any CPU
		{811EF7DC-176D-48C1-9F04-D1FDAB15D821}.Debug|Any CPU.Build.0 = Debug|Any CPU
		{811EF7DC-176D-48C1-9F04-D1FDAB15D821}.Release|Any CPU.ActiveCfg = Release|Any CPU
		{811EF7DC-176D-48C1-9F04-D1FDAB15D821}.Release|Any CPU.Build.0 = Release|Any CPU
	EndGlobalSection
	GlobalSection(SolutionProperties) = preSolution
		HideSolutionNode = FALSE
	EndGlobalSection
	GlobalSection(ExtensibilityGlobals) = postSolution
		SolutionGuid = {B3FEBD1F-2C92-40F9-A695-95BBF64508F7}
	EndGlobalSection
EndGlobal
